
Microsoft Visual Studio Solution File, Format Version 12.00
# Visual Studio 14
VisualStudioVersion = 14.0.25420.1
MinimumVisualStudioVersion = 10.0.40219.1
Project("{8BC9CEB8-8B4A-11D0-8D11-00A0C91BC942}") = "ZebraTechnologies", "ZebraTechnologies\ZebraTechnologies.vcxproj", "{C86DE58E-44B5-46F3-9B69-8458AC487825}"
EndProject
Project("{FAE04EC0-301F-11D3-BF4B-00C04F79EFBC}") = "ZebraCSharp", "ZebraCSharp\ZebraCSharp.csproj", "{F4090614-02B6-43B5-B115-A62AE15484F3}"
EndProject
Project("{FAE04EC0-301F-11D3-BF4B-00C04F79EFBC}") = "UnitTests", "UnitTests\UnitTests.csproj", "{79CAFB61-ECD1-40A8-8318-EE02ED7E36A8}"
EndProject
Global
	GlobalSection(SolutionConfigurationPlatforms) = preSolution
		Debug|Any CPU = Debug|Any CPU
		Debug|x64 = Debug|x64
		Debug|x86 = Debug|x86
		Release|Any CPU = Release|Any CPU
		Release|x64 = Release|x64
		Release|x86 = Release|x86
	EndGlobalSection
	GlobalSection(ProjectConfigurationPlatforms) = postSolution
		{C86DE58E-44B5-46F3-9B69-8458AC487825}.Debug|Any CPU.ActiveCfg = Debug|Win32
		{C86DE58E-44B5-46F3-9B69-8458AC487825}.Debug|x64.ActiveCfg = Debug|x64
		{C86DE58E-44B5-46F3-9B69-8458AC487825}.Debug|x64.Build.0 = Debug|x64
		{C86DE58E-44B5-46F3-9B69-8458AC487825}.Debug|x86.ActiveCfg = Debug|Win32
		{C86DE58E-44B5-46F3-9B69-8458AC487825}.Debug|x86.Build.0 = Debug|Win32
		{C86DE58E-44B5-46F3-9B69-8458AC487825}.Release|Any CPU.ActiveCfg = Release|Win32
		{C86DE58E-44B5-46F3-9B69-8458AC487825}.Release|x64.ActiveCfg = Release|x64
		{C86DE58E-44B5-46F3-9B69-8458AC487825}.Release|x64.Build.0 = Release|x64
		{C86DE58E-44B5-46F3-9B69-8458AC487825}.Release|x86.ActiveCfg = Release|Win32
		{C86DE58E-44B5-46F3-9B69-8458AC487825}.Release|x86.Build.0 = Release|Win32
		{F4090614-02B6-43B5-B115-A62AE15484F3}.Debug|Any CPU.ActiveCfg = Debug|Any CPU
		{F4090614-02B6-43B5-B115-A62AE15484F3}.Debug|Any CPU.Build.0 = Debug|Any CPU
		{F4090614-02B6-43B5-B115-A62AE15484F3}.Debug|x64.ActiveCfg = Debug|Any CPU
		{F4090614-02B6-43B5-B115-A62AE15484F3}.Debug|x64.Build.0 = Debug|Any CPU
		{F4090614-02B6-43B5-B115-A62AE15484F3}.Debug|x86.ActiveCfg = Debug|Any CPU
		{F4090614-02B6-43B5-B115-A62AE15484F3}.Debug|x86.Build.0 = Debug|Any CPU
		{F4090614-02B6-43B5-B115-A62AE15484F3}.Release|Any CPU.ActiveCfg = Release|Any CPU
		{F4090614-02B6-43B5-B115-A62AE15484F3}.Release|Any CPU.Build.0 = Release|Any CPU
		{F4090614-02B6-43B5-B115-A62AE15484F3}.Release|x64.ActiveCfg = Release|Any CPU
		{F4090614-02B6-43B5-B115-A62AE15484F3}.Release|x64.Build.0 = Release|Any CPU
		{F4090614-02B6-43B5-B115-A62AE15484F3}.Release|x86.ActiveCfg = Release|Any CPU
		{F4090614-02B6-43B5-B115-A62AE15484F3}.Release|x86.Build.0 = Release|Any CPU
		{79CAFB61-ECD1-40A8-8318-EE02ED7E36A8}.Debug|Any CPU.ActiveCfg = Debug|Any CPU
		{79CAFB61-ECD1-40A8-8318-EE02ED7E36A8}.Debug|Any CPU.Build.0 = Debug|Any CPU
		{79CAFB61-ECD1-40A8-8318-EE02ED7E36A8}.Debug|x64.ActiveCfg = Debug|Any CPU
		{79CAFB61-ECD1-40A8-8318-EE02ED7E36A8}.Debug|x64.Build.0 = Debug|Any CPU
		{79CAFB61-ECD1-40A8-8318-EE02ED7E36A8}.Debug|x86.ActiveCfg = Debug|Any CPU
		{79CAFB61-ECD1-40A8-8318-EE02ED7E36A8}.Debug|x86.Build.0 = Debug|Any CPU
		{79CAFB61-ECD1-40A8-8318-EE02ED7E36A8}.Release|Any CPU.ActiveCfg = Release|Any CPU
		{79CAFB61-ECD1-40A8-8318-EE02ED7E36A8}.Release|Any CPU.Build.0 = Release|Any CPU
		{79CAFB61-ECD1-40A8-8318-EE02ED7E36A8}.Release|x64.ActiveCfg = Release|Any CPU
		{79CAFB61-ECD1-40A8-8318-EE02ED7E36A8}.Release|x64.Build.0 = Release|Any CPU
		{79CAFB61-ECD1-40A8-8318-EE02ED7E36A8}.Release|x86.ActiveCfg = Release|Any CPU
		{79CAFB61-ECD1-40A8-8318-EE02ED7E36A8}.Release|x86.Build.0 = Release|Any CPU
	EndGlobalSection
	GlobalSection(SolutionProperties) = preSolution
		HideSolutionNode = FALSE
	EndGlobalSection
EndGlobal
